
Microsoft Visual Studio Solution File, Format Version 12.00
# Visual Studio Version 16
VisualStudioVersion = 16.0.29806.167
MinimumVisualStudioVersion = 10.0.40219.1
Project("{9A19103F-16F7-4668-BE54-9A1E7A4F7556}") = "Contamination", "Contamination\Contamination.csproj", "{BD21F823-692B-47BA-B5CD-D2E0A96DDA70}"
EndProject
Project("{FAE04EC0-301F-11D3-BF4B-00C04F79EFBC}") = "GUI", "GUI\GUI.csproj", "{2452F1F6-121B-4A07-A6F3-0ABC7E7FCCAD}"
EndProject
Global
	GlobalSection(SolutionConfigurationPlatforms) = preSolution
		Debug|Any CPU = Debug|Any CPU
		Release|Any CPU = Release|Any CPU
	EndGlobalSection
	GlobalSection(ProjectConfigurationPlatforms) = postSolution
		{BD21F823-692B-47BA-B5CD-D2E0A96DDA70}.Debug|Any CPU.ActiveCfg = Debug|Any CPU
		{BD21F823-692B-47BA-B5CD-D2E0A96DDA70}.Debug|Any CPU.Build.0 = Debug|Any CPU
		{BD21F823-692B-47BA-B5CD-D2E0A96DDA70}.Release|Any CPU.ActiveCfg = Release|Any CPU
		{BD21F823-692B-47BA-B5CD-D2E0A96DDA70}.Release|Any CPU.Build.0 = Release|Any CPU
		{2452F1F6-121B-4A07-A6F3-0ABC7E7FCCAD}.Debug|Any CPU.ActiveCfg = Debug|Any CPU
		{2452F1F6-121B-4A07-A6F3-0ABC7E7FCCAD}.Debug|Any CPU.Build.0 = Debug|Any CPU
		{2452F1F6-121B-4A07-A6F3-0ABC7E7FCCAD}.Release|Any CPU.ActiveCfg = Release|Any CPU
		{2452F1F6-121B-4A07-A6F3-0ABC7E7FCCAD}.Release|Any CPU.Build.0 = Release|Any CPU
	EndGlobalSection
	GlobalSection(SolutionProperties) = preSolution
		HideSolutionNode = FALSE
	EndGlobalSection
	GlobalSection(ExtensibilityGlobals) = postSolution
		SolutionGuid = {52EEEFCE-E63B-4A38-A8FB-A85BCB054E85}
	EndGlobalSection
EndGlobal
